
Microsoft Visual Studio Solution File, Format Version 12.00
# Visual Studio Version 17
VisualStudioVersion = 17.11.35327.3
MinimumVisualStudioVersion = 10.0.40219.1
Project("{8BC9CEB8-8B4A-11D0-8D11-00A0C91BC942}") = "App", "App\App.vcxproj", "{6BCD143A-8492-4E2F-B42B-1A75A44B6D6D}"
	ProjectSection(ProjectDependencies) = postProject
		{443BCDDE-894E-42D8-B238-4DEF223E70A5} = {443BCDDE-894E-42D8-B238-4DEF223E70A5}
		{64AE2075-CECF-4F27-9665-C0AC9F704829} = {64AE2075-CECF-4F27-9665-C0AC9F704829}
		{DCAE6CD9-5CB7-464C-9498-809F4E0EDC76} = {DCAE6CD9-5CB7-464C-9498-809F4E0EDC76}
		{FE67980B-18FC-4BD2-BDEF-5BE1042B47FC} = {FE67980B-18FC-4BD2-BDEF-5BE1042B47FC}
	EndProjectSection
EndProject
Project("{8BC9CEB8-8B4A-11D0-8D11-00A0C91BC942}") = "EngineBase", "EngineBase\EngineBase.vcxproj", "{443BCDDE-894E-42D8-B238-4DEF223E70A5}"
EndProject
Project("{2150E333-8FDC-42A3-9474-1A3956D46DE8}") = "00_EngineBase", "00_EngineBase", "{7A7EF7EB-249C-4ABB-B7AC-01C8B17903F2}"
EndProject
Project("{2150E333-8FDC-42A3-9474-1A3956D46DE8}") = "01_EnginePlatform", "01_EnginePlatform", "{8D6254CE-A2EB-4301-9AD5-BD1D20E8C13B}"
EndProject
Project("{2150E333-8FDC-42A3-9474-1A3956D46DE8}") = "02_EngineCore", "02_EngineCore", "{FB1B248E-8C78-4B5C-9222-2D0038C12C57}"
EndProject
Project("{2150E333-8FDC-42A3-9474-1A3956D46DE8}") = "03_Content", "03_Content", "{BBB37265-84EF-40C9-A2B5-8451156C547C}"
EndProject
Project("{2150E333-8FDC-42A3-9474-1A3956D46DE8}") = "04_App", "04_App", "{C029A19E-A076-4E6F-B6B3-1B6053AAB82B}"
EndProject
Project("{8BC9CEB8-8B4A-11D0-8D11-00A0C91BC942}") = "EnginePlatform", "EnginePlatform\EnginePlatform.vcxproj", "{DCAE6CD9-5CB7-464C-9498-809F4E0EDC76}"
	ProjectSection(ProjectDependencies) = postProject
		{443BCDDE-894E-42D8-B238-4DEF223E70A5} = {443BCDDE-894E-42D8-B238-4DEF223E70A5}
	EndProjectSection
EndProject
Project("{8BC9CEB8-8B4A-11D0-8D11-00A0C91BC942}") = "EngineCore", "EngineCore\EngineCore.vcxproj", "{64AE2075-CECF-4F27-9665-C0AC9F704829}"
	ProjectSection(ProjectDependencies) = postProject
		{443BCDDE-894E-42D8-B238-4DEF223E70A5} = {443BCDDE-894E-42D8-B238-4DEF223E70A5}
		{DCAE6CD9-5CB7-464C-9498-809F4E0EDC76} = {DCAE6CD9-5CB7-464C-9498-809F4E0EDC76}
	EndProjectSection
EndProject
Project("{8BC9CEB8-8B4A-11D0-8D11-00A0C91BC942}") = "Content", "Contents\Contents.vcxproj", "{FE67980B-18FC-4BD2-BDEF-5BE1042B47FC}"
	ProjectSection(ProjectDependencies) = postProject
		{443BCDDE-894E-42D8-B238-4DEF223E70A5} = {443BCDDE-894E-42D8-B238-4DEF223E70A5}
		{64AE2075-CECF-4F27-9665-C0AC9F704829} = {64AE2075-CECF-4F27-9665-C0AC9F704829}
		{DCAE6CD9-5CB7-464C-9498-809F4E0EDC76} = {DCAE6CD9-5CB7-464C-9498-809F4E0EDC76}
	EndProjectSection
EndProject
Project("{8BC9CEB8-8B4A-11D0-8D11-00A0C91BC942}") = "EngineShader", "EngineShader\EngineShader.vcxproj", "{8BD4DB47-DFFE-4FFE-A859-0CB417544FA4}"
EndProject
Project("{8BC9CEB8-8B4A-11D0-8D11-00A0C91BC942}") = "ContentsShader", "ContentsShader\ContentsShader.vcxproj", "{DBE5B6A9-D976-4013-BED9-18B054C46599}"
EndProject
Global
	GlobalSection(SolutionConfigurationPlatforms) = preSolution
		Debug|x64 = Debug|x64
		Debug|x86 = Debug|x86
		Release|x64 = Release|x64
		Release|x86 = Release|x86
	EndGlobalSection
	GlobalSection(ProjectConfigurationPlatforms) = postSolution
		{6BCD143A-8492-4E2F-B42B-1A75A44B6D6D}.Debug|x64.ActiveCfg = Debug|x64
		{6BCD143A-8492-4E2F-B42B-1A75A44B6D6D}.Debug|x64.Build.0 = Debug|x64
		{6BCD143A-8492-4E2F-B42B-1A75A44B6D6D}.Debug|x86.ActiveCfg = Debug|Win32
		{6BCD143A-8492-4E2F-B42B-1A75A44B6D6D}.Debug|x86.Build.0 = Debug|Win32
		{6BCD143A-8492-4E2F-B42B-1A75A44B6D6D}.Release|x64.ActiveCfg = Release|x64
		{6BCD143A-8492-4E2F-B42B-1A75A44B6D6D}.Release|x64.Build.0 = Release|x64
		{6BCD143A-8492-4E2F-B42B-1A75A44B6D6D}.Release|x86.ActiveCfg = Release|Win32
		{6BCD143A-8492-4E2F-B42B-1A75A44B6D6D}.Release|x86.Build.0 = Release|Win32
		{443BCDDE-894E-42D8-B238-4DEF223E70A5}.Debug|x64.ActiveCfg = Debug|x64
		{443BCDDE-894E-42D8-B238-4DEF223E70A5}.Debug|x64.Build.0 = Debug|x64
		{443BCDDE-894E-42D8-B238-4DEF223E70A5}.Debug|x86.ActiveCfg = Debug|Win32
		{443BCDDE-894E-42D8-B238-4DEF223E70A5}.Debug|x86.Build.0 = Debug|Win32
		{443BCDDE-894E-42D8-B238-4DEF223E70A5}.Release|x64.ActiveCfg = Release|x64
		{443BCDDE-894E-42D8-B238-4DEF223E70A5}.Release|x64.Build.0 = Release|x64
		{443BCDDE-894E-42D8-B238-4DEF223E70A5}.Release|x86.ActiveCfg = Release|Win32
		{443BCDDE-894E-42D8-B238-4DEF223E70A5}.Release|x86.Build.0 = Release|Win32
		{DCAE6CD9-5CB7-464C-9498-809F4E0EDC76}.Debug|x64.ActiveCfg = Debug|x64
		{DCAE6CD9-5CB7-464C-9498-809F4E0EDC76}.Debug|x64.Build.0 = Debug|x64
		{DCAE6CD9-5CB7-464C-9498-809F4E0EDC76}.Debug|x86.ActiveCfg = Debug|Win32
		{DCAE6CD9-5CB7-464C-9498-809F4E0EDC76}.Debug|x86.Build.0 = Debug|Win32
		{DCAE6CD9-5CB7-464C-9498-809F4E0EDC76}.Release|x64.ActiveCfg = Release|x64
		{DCAE6CD9-5CB7-464C-9498-809F4E0EDC76}.Release|x64.Build.0 = Release|x64
		{DCAE6CD9-5CB7-464C-9498-809F4E0EDC76}.Release|x86.ActiveCfg = Release|Win32
		{DCAE6CD9-5CB7-464C-9498-809F4E0EDC76}.Release|x86.Build.0 = Release|Win32
		{64AE2075-CECF-4F27-9665-C0AC9F704829}.Debug|x64.ActiveCfg = Debug|x64
		{64AE2075-CECF-4F27-9665-C0AC9F704829}.Debug|x64.Build.0 = Debug|x64
		{64AE2075-CECF-4F27-9665-C0AC9F704829}.Debug|x86.ActiveCfg = Debug|Win32
		{64AE2075-CECF-4F27-9665-C0AC9F704829}.Debug|x86.Build.0 = Debug|Win32
		{64AE2075-CECF-4F27-9665-C0AC9F704829}.Release|x64.ActiveCfg = Release|x64
		{64AE2075-CECF-4F27-9665-C0AC9F704829}.Release|x64.Build.0 = Release|x64
		{64AE2075-CECF-4F27-9665-C0AC9F704829}.Release|x86.ActiveCfg = Release|Win32
		{64AE2075-CECF-4F27-9665-C0AC9F704829}.Release|x86.Build.0 = Release|Win32
		{FE67980B-18FC-4BD2-BDEF-5BE1042B47FC}.Debug|x64.ActiveCfg = Debug|x64
		{FE67980B-18FC-4BD2-BDEF-5BE1042B47FC}.Debug|x64.Build.0 = Debug|x64
		{FE67980B-18FC-4BD2-BDEF-5BE1042B47FC}.Debug|x86.ActiveCfg = Debug|Win32
		{FE67980B-18FC-4BD2-BDEF-5BE1042B47FC}.Debug|x86.Build.0 = Debug|Win32
		{FE67980B-18FC-4BD2-BDEF-5BE1042B47FC}.Release|x64.ActiveCfg = Release|x64
		{FE67980B-18FC-4BD2-BDEF-5BE1042B47FC}.Release|x64.Build.0 = Release|x64
		{FE67980B-18FC-4BD2-BDEF-5BE1042B47FC}.Release|x86.ActiveCfg = Release|Win32
		{FE67980B-18FC-4BD2-BDEF-5BE1042B47FC}.Release|x86.Build.0 = Release|Win32
		{8BD4DB47-DFFE-4FFE-A859-0CB417544FA4}.Debug|x64.ActiveCfg = Debug|x64
		{8BD4DB47-DFFE-4FFE-A859-0CB417544FA4}.Debug|x64.Build.0 = Debug|x64
		{8BD4DB47-DFFE-4FFE-A859-0CB417544FA4}.Debug|x86.ActiveCfg = Debug|Win32
		{8BD4DB47-DFFE-4FFE-A859-0CB417544FA4}.Debug|x86.Build.0 = Debug|Win32
		{8BD4DB47-DFFE-4FFE-A859-0CB417544FA4}.Release|x64.ActiveCfg = Release|x64
		{8BD4DB47-DFFE-4FFE-A859-0CB417544FA4}.Release|x64.Build.0 = Release|x64
		{8BD4DB47-DFFE-4FFE-A859-0CB417544FA4}.Release|x86.ActiveCfg = Release|Win32
		{8BD4DB47-DFFE-4FFE-A859-0CB417544FA4}.Release|x86.Build.0 = Release|Win32
		{DBE5B6A9-D976-4013-BED9-18B054C46599}.Debug|x64.ActiveCfg = Debug|x64
		{DBE5B6A9-D976-4013-BED9-18B054C46599}.Debug|x64.Build.0 = Debug|x64
		{DBE5B6A9-D976-4013-BED9-18B054C46599}.Debug|x86.ActiveCfg = Debug|Win32
		{DBE5B6A9-D976-4013-BED9-18B054C46599}.Debug|x86.Build.0 = Debug|Win32
		{DBE5B6A9-D976-4013-BED9-18B054C46599}.Release|x64.ActiveCfg = Release|x64
		{DBE5B6A9-D976-4013-BED9-18B054C46599}.Release|x64.Build.0 = Release|x64
		{DBE5B6A9-D976-4013-BED9-18B054C46599}.Release|x86.ActiveCfg = Release|Win32
		{DBE5B6A9-D976-4013-BED9-18B054C46599}.Release|x86.Build.0 = Release|Win32
	EndGlobalSection
	GlobalSection(SolutionProperties) = preSolution
		HideSolutionNode = FALSE
	EndGlobalSection
	GlobalSection(NestedProjects) = preSolution
		{6BCD143A-8492-4E2F-B42B-1A75A44B6D6D} = {C029A19E-A076-4E6F-B6B3-1B6053AAB82B}
		{443BCDDE-894E-42D8-B238-4DEF223E70A5} = {7A7EF7EB-249C-4ABB-B7AC-01C8B17903F2}
		{DCAE6CD9-5CB7-464C-9498-809F4E0EDC76} = {8D6254CE-A2EB-4301-9AD5-BD1D20E8C13B}
		{64AE2075-CECF-4F27-9665-C0AC9F704829} = {FB1B248E-8C78-4B5C-9222-2D0038C12C57}
		{FE67980B-18FC-4BD2-BDEF-5BE1042B47FC} = {BBB37265-84EF-40C9-A2B5-8451156C547C}
		{8BD4DB47-DFFE-4FFE-A859-0CB417544FA4} = {FB1B248E-8C78-4B5C-9222-2D0038C12C57}
		{DBE5B6A9-D976-4013-BED9-18B054C46599} = {BBB37265-84EF-40C9-A2B5-8451156C547C}
	EndGlobalSection
	GlobalSection(ExtensibilityGlobals) = postSolution
		SolutionGuid = {55BF62D3-50DD-415E-8019-7EDF4B2459D4}
	EndGlobalSection
EndGlobal
