<?xml version="1.0" encoding="utf-8"?>
<Project ToolsVersion="4.0" xmlns="http://schemas.microsoft.com/developer/msbuild/2003">
  <ItemGroup>
    <ClInclude Include="PreCompile.h">
      <Filter>00_PreCompile</Filter>
    </ClInclude>
    <ClInclude Include="ContentCore.h">
      <Filter>01_Core</Filter>
    </ClInclude>
    <ClInclude Include="MapEditorGameMode.h">
      <Filter>HollowKnight\Level</Filter>
    </ClInclude>
    <ClInclude Include="ContentResource.h">
      <Filter>02_Setting\Resource</Filter>
    </ClInclude>
    <ClInclude Include="CollisionManager.h">
      <Filter>HollowKnight\Play\Setting</Filter>
    </ClInclude>
    <ClInclude Include="ContentRenderer.h">
      <Filter>02_Setting\Renderer</Filter>
    </ClInclude>
    <ClInclude Include="Skill.h">
      <Filter>03_Global</Filter>
    </ClInclude>
    <ClInclude Include="Effect.h">
      <Filter>03_Global</Filter>
    </ClInclude>
    <ClInclude Include="MapObject.h">
      <Filter>HollowKnight\Play\MapEditor</Filter>
    </ClInclude>
    <ClInclude Include="Particle.h">
      <Filter>03_Global</Filter>
    </ClInclude>
    <ClInclude Include="BasicVisualActor.h">
      <Filter>02_Setting</Filter>
    </ClInclude>
    <ClInclude Include="ThreadTestLevel.h">
      <Filter>99_Test</Filter>
    </ClInclude>
    <ClInclude Include="TestPostEffect.h">
      <Filter>99_Test</Filter>
    </ClInclude>
    <ClInclude Include="ServerEditor.h">
      <Filter>08_Editor</Filter>
    </ClInclude>
    <ClInclude Include="ContentsEditorGUI.h">
      <Filter>08_Editor</Filter>
    </ClInclude>
    <ClInclude Include="DebugWindowGUI.h">
      <Filter>08_Editor</Filter>
    </ClInclude>
    <ClInclude Include="MapEditorGUI.h">
      <Filter>08_Editor</Filter>
    </ClInclude>
    <ClInclude Include="TestGameMode.h">
      <Filter>99_Test\03_GameMode</Filter>
    </ClInclude>
    <ClInclude Include="ServerGameMode.h">
      <Filter>99_Test\03_GameMode</Filter>
    </ClInclude>
    <ClInclude Include="PostEffectGameMode.h">
      <Filter>99_Test\03_GameMode</Filter>
    </ClInclude>
    <ClInclude Include="ContentPacket.h">
      <Filter>09_Network\Protocol</Filter>
    </ClInclude>
    <ClInclude Include="ContentPacketType.h">
      <Filter>09_Network\Protocol</Filter>
    </ClInclude>
    <ClInclude Include="ServerPawn.h">
      <Filter>09_Network\Object</Filter>
    </ClInclude>
    <ClInclude Include="Tetromino.h">
      <Filter>11_Tetris\05_Object\02_Mino</Filter>
    </ClInclude>
    <ClInclude Include="TetrisPlayHUD.h">
      <Filter>11_Tetris\06_UI</Filter>
    </ClInclude>
    <ClInclude Include="TetrisGameMode.h">
      <Filter>11_Tetris\03_GameMode</Filter>
    </ClInclude>
    <ClInclude Include="TetrisPlayEditor.h">
      <Filter>11_Tetris\04_Editor</Filter>
    </ClInclude>
    <ClInclude Include="ContentData.h">
      <Filter>03_Global\Data</Filter>
    </ClInclude>
    <ClInclude Include="ContentEnum.h">
      <Filter>03_Global\Data</Filter>
    </ClInclude>
    <ClInclude Include="GameField.h">
      <Filter>11_Tetris\05_Object</Filter>
    </ClInclude>
    <ClInclude Include="ServerActor.h">
      <Filter>09_Network\Object</Filter>
    </ClInclude>
  </ItemGroup>
  <ItemGroup>
    <ClCompile Include="PreCompile.cpp">
      <Filter>00_PreCompile</Filter>
    </ClCompile>
    <ClCompile Include="ContentCore.cpp">
      <Filter>01_Core</Filter>
    </ClCompile>
    <ClCompile Include="MapEditorGameMode.cpp">
      <Filter>HollowKnight\Level</Filter>
    </ClCompile>
    <ClCompile Include="ContentResource.cpp">
      <Filter>02_Setting\Resource</Filter>
    </ClCompile>
    <ClCompile Include="CollisionManager.cpp">
      <Filter>HollowKnight\Play\Setting</Filter>
    </ClCompile>
    <ClCompile Include="ContentRenderer.cpp">
      <Filter>02_Setting\Renderer</Filter>
    </ClCompile>
    <ClCompile Include="Skill.cpp">
      <Filter>03_Global</Filter>
    </ClCompile>
    <ClCompile Include="Effect.cpp">
      <Filter>03_Global</Filter>
    </ClCompile>
    <ClCompile Include="MapObject.cpp">
      <Filter>HollowKnight\Play\MapEditor</Filter>
    </ClCompile>
    <ClCompile Include="Particle.cpp">
      <Filter>03_Global</Filter>
    </ClCompile>
    <ClCompile Include="BasicVisualActor.cpp">
      <Filter>02_Setting</Filter>
    </ClCompile>
    <ClCompile Include="ThreadTestLevel.cpp">
      <Filter>99_Test</Filter>
    </ClCompile>
    <ClCompile Include="TestPostEffect.cpp">
      <Filter>99_Test</Filter>
    </ClCompile>
    <ClCompile Include="ContentsEditorGUI.cpp">
      <Filter>08_Editor</Filter>
    </ClCompile>
    <ClCompile Include="DebugWindowGUI.cpp">
      <Filter>08_Editor</Filter>
    </ClCompile>
    <ClCompile Include="MapEditorGUI.cpp">
      <Filter>08_Editor</Filter>
    </ClCompile>
    <ClCompile Include="ServerEditor.cpp">
      <Filter>08_Editor</Filter>
    </ClCompile>
    <ClCompile Include="TestGameMode.cpp">
      <Filter>99_Test\03_GameMode</Filter>
    </ClCompile>
    <ClCompile Include="PostEffectGameMode.cpp">
      <Filter>99_Test\03_GameMode</Filter>
    </ClCompile>
    <ClCompile Include="ServerGameMode.cpp">
      <Filter>99_Test\03_GameMode</Filter>
    </ClCompile>
    <ClCompile Include="ContentPacket.cpp">
      <Filter>09_Network\Protocol</Filter>
    </ClCompile>
    <ClCompile Include="ContentPacketType.cpp">
      <Filter>09_Network\Protocol</Filter>
    </ClCompile>
    <ClCompile Include="ServerPawn.cpp">
      <Filter>09_Network\Object</Filter>
    </ClCompile>
    <ClCompile Include="TetrisGameMode.cpp">
      <Filter>11_Tetris\03_GameMode</Filter>
    </ClCompile>
    <ClCompile Include="Tetromino.cpp">
      <Filter>11_Tetris\05_Object\02_Mino</Filter>
    </ClCompile>
    <ClCompile Include="TetrisPlayHUD.cpp">
      <Filter>11_Tetris\06_UI</Filter>
    </ClCompile>
    <ClCompile Include="TetrisPlayEditor.cpp">
      <Filter>11_Tetris\04_Editor</Filter>
    </ClCompile>
    <ClCompile Include="GameField.cpp">
      <Filter>11_Tetris\05_Object</Filter>
    </ClCompile>
    <ClCompile Include="ServerActor.cpp">
      <Filter>09_Network\Object</Filter>
    </ClCompile>
  </ItemGroup>
  <ItemGroup>
    <Filter Include="HollowKnight">
      <UniqueIdentifier>{bffa65cf-d5c5-4df9-b3b9-897d9d0f9236}</UniqueIdentifier>
    </Filter>
    <Filter Include="HollowKnight\Play">
      <UniqueIdentifier>{90d40787-bd6c-4314-b86a-fd988ad3fbe1}</UniqueIdentifier>
    </Filter>
    <Filter Include="HollowKnight\Play\Setting">
      <UniqueIdentifier>{cbf9cc41-8d7d-4084-959d-3decaa2e300c}</UniqueIdentifier>
    </Filter>
    <Filter Include="HollowKnight\Play\MapEditor">
      <UniqueIdentifier>{b1501c4b-3474-4292-923d-b04a0b5a6cb4}</UniqueIdentifier>
    </Filter>
    <Filter Include="HollowKnight\Level">
      <UniqueIdentifier>{58d3821e-f186-4e77-a861-8f16b9ad13ed}</UniqueIdentifier>
    </Filter>
    <Filter Include="01_Core">
      <UniqueIdentifier>{09ff3bdc-96dc-4229-8b75-39c1c3dc0dd8}</UniqueIdentifier>
    </Filter>
    <Filter Include="00_PreCompile">
      <UniqueIdentifier>{e77ec849-f508-4c7f-93bd-8088b5abd8c5}</UniqueIdentifier>
    </Filter>
    <Filter Include="11_Tetris">
      <UniqueIdentifier>{0e0ebcfa-31af-4495-84f2-1542b0d708f7}</UniqueIdentifier>
    </Filter>
    <Filter Include="99_Test">
      <UniqueIdentifier>{43cd829c-2afe-4280-b415-e406698d6a8c}</UniqueIdentifier>
    </Filter>
    <Filter Include="99_Test\03_GameMode">
      <UniqueIdentifier>{0dc0856f-f188-4bbd-a58c-443f506ba724}</UniqueIdentifier>
    </Filter>
    <Filter Include="11_Tetris\03_GameMode">
      <UniqueIdentifier>{050e6bd2-8bb9-4826-95ee-937e59d4bf37}</UniqueIdentifier>
    </Filter>
    <Filter Include="11_Tetris\04_Editor">
      <UniqueIdentifier>{5b7d63c3-4ca8-4668-b2c3-f47ce09eda91}</UniqueIdentifier>
    </Filter>
    <Filter Include="11_Tetris\05_Object">
      <UniqueIdentifier>{2dd37152-2838-4627-a68c-9df82e4be9e4}</UniqueIdentifier>
    </Filter>
    <Filter Include="11_Tetris\05_Object\01_Global">
      <UniqueIdentifier>{589bbfea-8f26-406b-8a35-ef6bf3fc6afd}</UniqueIdentifier>
    </Filter>
    <Filter Include="11_Tetris\05_Object\02_Mino">
      <UniqueIdentifier>{b00ca03e-b7f3-4568-815f-b6f6470772e5}</UniqueIdentifier>
    </Filter>
    <Filter Include="11_Tetris\06_UI">
      <UniqueIdentifier>{fea408a2-54ce-4c50-8bde-6ba5eb8ff50c}</UniqueIdentifier>
    </Filter>
    <Filter Include="08_Editor">
      <UniqueIdentifier>{fbc009dd-2ed6-4ef0-8b47-08afcdd00ede}</UniqueIdentifier>
    </Filter>
    <Filter Include="09_Network">
      <UniqueIdentifier>{22f7d8bb-be8a-48e3-b729-cb267b014837}</UniqueIdentifier>
    </Filter>
    <Filter Include="09_Network\Protocol">
      <UniqueIdentifier>{f80d8988-2038-457d-9523-8b16b5c135e7}</UniqueIdentifier>
    </Filter>
    <Filter Include="09_Network\Object">
      <UniqueIdentifier>{203adcac-203a-4862-93dc-e89e908b5a08}</UniqueIdentifier>
    </Filter>
    <Filter Include="03_Global">
      <UniqueIdentifier>{73895d3d-87b8-4ffd-a962-7cd03df8a97f}</UniqueIdentifier>
    </Filter>
    <Filter Include="03_Global\Data">
      <UniqueIdentifier>{f3e31203-a7f2-4c8e-bb9d-12eb45e76837}</UniqueIdentifier>
    </Filter>
    <Filter Include="02_Setting">
      <UniqueIdentifier>{705f4313-018d-4c2b-84c9-0b0201018210}</UniqueIdentifier>
    </Filter>
    <Filter Include="02_Setting\Resource">
      <UniqueIdentifier>{318effba-c84a-4d4f-8a42-98637e2f0fa4}</UniqueIdentifier>
    </Filter>
    <Filter Include="02_Setting\Renderer">
      <UniqueIdentifier>{487692e4-6b76-4236-8869-624e3b36942f}</UniqueIdentifier>
    </Filter>
  </ItemGroup>
</Project>