<?xml version="1.0" encoding="utf-8"?>
<Project ToolsVersion="4.0" xmlns="http://schemas.microsoft.com/developer/msbuild/2003">
  <ItemGroup>
    <ClInclude Include="PreCompile.h">
      <Filter>00_PreCompile</Filter>
    </ClInclude>
    <ClInclude Include="ContentsCore.h">
      <Filter>01_Core</Filter>
    </ClInclude>
    <ClInclude Include="Global.h">
      <Filter>HollowKnight\Global</Filter>
    </ClInclude>
    <ClInclude Include="ContentsEditorGUI.h">
      <Filter>02_ContentsSetting\GUI</Filter>
    </ClInclude>
    <ClInclude Include="MapEditorGameMode.h">
      <Filter>HollowKnight\Level</Filter>
    </ClInclude>
    <ClInclude Include="DebugWindowGUI.h">
      <Filter>02_ContentsSetting\GUI</Filter>
    </ClInclude>
    <ClInclude Include="MapEditorGUI.h">
      <Filter>02_ContentsSetting\GUI</Filter>
    </ClInclude>
    <ClInclude Include="ContentsResource.h">
      <Filter>02_ContentsSetting\Resource</Filter>
    </ClInclude>
    <ClInclude Include="CollisionManager.h">
      <Filter>HollowKnight\Play\Setting</Filter>
    </ClInclude>
    <ClInclude Include="ContentsRenderer.h">
      <Filter>02_ContentsSetting\Render</Filter>
    </ClInclude>
    <ClInclude Include="Skill.h">
      <Filter>HollowKnight\Global</Filter>
    </ClInclude>
    <ClInclude Include="Effect.h">
      <Filter>HollowKnight\Global</Filter>
    </ClInclude>
    <ClInclude Include="ContentsConst.h">
      <Filter>HollowKnight\Global</Filter>
    </ClInclude>
    <ClInclude Include="MapObject.h">
      <Filter>HollowKnight\Play\MapEditor</Filter>
    </ClInclude>
    <ClInclude Include="Particle.h">
      <Filter>HollowKnight\Global</Filter>
    </ClInclude>
    <ClInclude Include="TestGameMode.h">
      <Filter>Test</Filter>
    </ClInclude>
    <ClInclude Include="BasicVisualActor.h">
      <Filter>02_ContentsSetting</Filter>
    </ClInclude>
    <ClInclude Include="ThreadTestLevel.h">
      <Filter>Test</Filter>
    </ClInclude>
  </ItemGroup>
  <ItemGroup>
    <ClCompile Include="PreCompile.cpp">
      <Filter>00_PreCompile</Filter>
    </ClCompile>
    <ClCompile Include="ContentsCore.cpp">
      <Filter>01_Core</Filter>
    </ClCompile>
    <ClCompile Include="Global.cpp">
      <Filter>HollowKnight\Global</Filter>
    </ClCompile>
    <ClCompile Include="ContentsEditorGUI.cpp">
      <Filter>02_ContentsSetting\GUI</Filter>
    </ClCompile>
    <ClCompile Include="MapEditorGameMode.cpp">
      <Filter>HollowKnight\Level</Filter>
    </ClCompile>
    <ClCompile Include="DebugWindowGUI.cpp">
      <Filter>02_ContentsSetting\GUI</Filter>
    </ClCompile>
    <ClCompile Include="MapEditorGUI.cpp">
      <Filter>02_ContentsSetting\GUI</Filter>
    </ClCompile>
    <ClCompile Include="ContentsResource.cpp">
      <Filter>02_ContentsSetting\Resource</Filter>
    </ClCompile>
    <ClCompile Include="CollisionManager.cpp">
      <Filter>HollowKnight\Play\Setting</Filter>
    </ClCompile>
    <ClCompile Include="ContentsRenderer.cpp">
      <Filter>02_ContentsSetting\Render</Filter>
    </ClCompile>
    <ClCompile Include="Skill.cpp">
      <Filter>HollowKnight\Global</Filter>
    </ClCompile>
    <ClCompile Include="Effect.cpp">
      <Filter>HollowKnight\Global</Filter>
    </ClCompile>
    <ClCompile Include="MapObject.cpp">
      <Filter>HollowKnight\Play\MapEditor</Filter>
    </ClCompile>
    <ClCompile Include="Particle.cpp">
      <Filter>HollowKnight\Global</Filter>
    </ClCompile>
    <ClCompile Include="TestGameMode.cpp">
      <Filter>Test</Filter>
    </ClCompile>
    <ClCompile Include="BasicVisualActor.cpp">
      <Filter>02_ContentsSetting</Filter>
    </ClCompile>
    <ClCompile Include="ThreadTestLevel.cpp">
      <Filter>Test</Filter>
    </ClCompile>
  </ItemGroup>
  <ItemGroup>
    <Filter Include="HollowKnight">
      <UniqueIdentifier>{bffa65cf-d5c5-4df9-b3b9-897d9d0f9236}</UniqueIdentifier>
    </Filter>
    <Filter Include="HollowKnight\Play">
      <UniqueIdentifier>{90d40787-bd6c-4314-b86a-fd988ad3fbe1}</UniqueIdentifier>
    </Filter>
    <Filter Include="HollowKnight\Play\Setting">
      <UniqueIdentifier>{cbf9cc41-8d7d-4084-959d-3decaa2e300c}</UniqueIdentifier>
    </Filter>
    <Filter Include="HollowKnight\Play\MapEditor">
      <UniqueIdentifier>{b1501c4b-3474-4292-923d-b04a0b5a6cb4}</UniqueIdentifier>
    </Filter>
    <Filter Include="HollowKnight\Level">
      <UniqueIdentifier>{58d3821e-f186-4e77-a861-8f16b9ad13ed}</UniqueIdentifier>
    </Filter>
    <Filter Include="HollowKnight\Global">
      <UniqueIdentifier>{73895d3d-87b8-4ffd-a962-7cd03df8a97f}</UniqueIdentifier>
    </Filter>
    <Filter Include="Test">
      <UniqueIdentifier>{43cd829c-2afe-4280-b415-e406698d6a8c}</UniqueIdentifier>
    </Filter>
    <Filter Include="01_Core">
      <UniqueIdentifier>{09ff3bdc-96dc-4229-8b75-39c1c3dc0dd8}</UniqueIdentifier>
    </Filter>
    <Filter Include="02_ContentsSetting">
      <UniqueIdentifier>{705f4313-018d-4c2b-84c9-0b0201018210}</UniqueIdentifier>
    </Filter>
    <Filter Include="02_ContentsSetting\Resource">
      <UniqueIdentifier>{318effba-c84a-4d4f-8a42-98637e2f0fa4}</UniqueIdentifier>
    </Filter>
    <Filter Include="02_ContentsSetting\GUI">
      <UniqueIdentifier>{8d190253-6f67-4848-947a-2155a14ebc95}</UniqueIdentifier>
    </Filter>
    <Filter Include="02_ContentsSetting\Render">
      <UniqueIdentifier>{487692e4-6b76-4236-8869-624e3b36942f}</UniqueIdentifier>
    </Filter>
    <Filter Include="00_PreCompile">
      <UniqueIdentifier>{e77ec849-f508-4c7f-93bd-8088b5abd8c5}</UniqueIdentifier>
    </Filter>
  </ItemGroup>
</Project>