<?xml version="1.0" encoding="utf-8"?>
<Project ToolsVersion="4.0" xmlns="http://schemas.microsoft.com/developer/msbuild/2003">
  <ItemGroup>
    <ClInclude Include="PreCompile.h">
      <Filter>00_PreCompile</Filter>
    </ClInclude>
    <ClInclude Include="EngineWindow.h">
      <Filter>02_Window</Filter>
    </ClInclude>
    <ClInclude Include="EngineInput.h">
      <Filter>03_Input</Filter>
    </ClInclude>
    <ClInclude Include="EngineWinDebug.h">
      <Filter>01_Debug</Filter>
    </ClInclude>
    <ClInclude Include="EngineWorkThreadPool.h">
      <Filter>07_Thread</Filter>
    </ClInclude>
    <ClInclude Include="EngineThread.h">
      <Filter>07_Thread</Filter>
    </ClInclude>
    <ClInclude Include="EngineWinImage.h">
      <Filter>04_WindowImage</Filter>
    </ClInclude>
    <ClInclude Include="EngineSound.h">
      <Filter>05_Sound</Filter>
    </ClInclude>
    <ClInclude Include="ThirdParty\FMOD\inc\fmod.h">
      <Filter>06_ThirdParty\FMOD\Inc</Filter>
    </ClInclude>
    <ClInclude Include="ThirdParty\FMOD\inc\fmod.hpp">
      <Filter>06_ThirdParty\FMOD\Inc</Filter>
    </ClInclude>
    <ClInclude Include="ThirdParty\FMOD\inc\fmod_codec.h">
      <Filter>06_ThirdParty\FMOD\Inc</Filter>
    </ClInclude>
    <ClInclude Include="ThirdParty\FMOD\inc\fmod_common.h">
      <Filter>06_ThirdParty\FMOD\Inc</Filter>
    </ClInclude>
    <ClInclude Include="ThirdParty\FMOD\inc\fmod_dsp.h">
      <Filter>06_ThirdParty\FMOD\Inc</Filter>
    </ClInclude>
    <ClInclude Include="ThirdParty\FMOD\inc\fmod_dsp_effects.h">
      <Filter>06_ThirdParty\FMOD\Inc</Filter>
    </ClInclude>
    <ClInclude Include="ThirdParty\FMOD\inc\fmod_errors.h">
      <Filter>06_ThirdParty\FMOD\Inc</Filter>
    </ClInclude>
    <ClInclude Include="ThirdParty\FMOD\inc\fmod_output.h">
      <Filter>06_ThirdParty\FMOD\Inc</Filter>
    </ClInclude>
    <ClInclude Include="EngineNetwork.h">
      <Filter>08_Network\Network</Filter>
    </ClInclude>
    <ClInclude Include="EngineProtocol.h">
      <Filter>08_Network\Protocol</Filter>
    </ClInclude>
    <ClInclude Include="EngineDispatcher.h">
      <Filter>08_Network\Protocol</Filter>
    </ClInclude>
    <ClInclude Include="EnginePacket.h">
      <Filter>08_Network\Protocol</Filter>
    </ClInclude>
    <ClInclude Include="TaskQueue.h">
      <Filter>07_Thread</Filter>
    </ClInclude>
    <ClInclude Include="EngineNetworkData.h">
      <Filter>08_Network</Filter>
    </ClInclude>
    <ClInclude Include="EngineClient.h">
      <Filter>08_Network\Network\Client</Filter>
    </ClInclude>
    <ClInclude Include="EngineIOCPServer.h">
      <Filter>08_Network\Network\Server</Filter>
    </ClInclude>
    <ClInclude Include="EngineListenServer.h">
      <Filter>08_Network\Network\Server</Filter>
    </ClInclude>
    <ClInclude Include="EngineServer.h">
      <Filter>08_Network\Network\Server</Filter>
    </ClInclude>
    <ClInclude Include="ChatManager.h">
      <Filter>08_Network\Chat</Filter>
    </ClInclude>
  </ItemGroup>
  <ItemGroup>
    <ClCompile Include="PreCompile.cpp">
      <Filter>00_PreCompile</Filter>
    </ClCompile>
    <ClCompile Include="EngineWindow.cpp">
      <Filter>02_Window</Filter>
    </ClCompile>
    <ClCompile Include="EngineInput.cpp">
      <Filter>03_Input</Filter>
    </ClCompile>
    <ClCompile Include="EngineWinDebug.cpp">
      <Filter>01_Debug</Filter>
    </ClCompile>
    <ClCompile Include="EngineWorkThreadPool.cpp">
      <Filter>07_Thread</Filter>
    </ClCompile>
    <ClCompile Include="EngineThread.cpp">
      <Filter>07_Thread</Filter>
    </ClCompile>
    <ClCompile Include="EngineWinImage.cpp">
      <Filter>04_WindowImage</Filter>
    </ClCompile>
    <ClCompile Include="EngineSound.cpp">
      <Filter>05_Sound</Filter>
    </ClCompile>
    <ClCompile Include="EngineNetwork.cpp">
      <Filter>08_Network\Network</Filter>
    </ClCompile>
    <ClCompile Include="EngineProtocol.cpp">
      <Filter>08_Network\Protocol</Filter>
    </ClCompile>
    <ClCompile Include="EngineDispatcher.cpp">
      <Filter>08_Network\Protocol</Filter>
    </ClCompile>
    <ClCompile Include="EnginePacket.cpp">
      <Filter>08_Network\Protocol</Filter>
    </ClCompile>
    <ClCompile Include="TaskQueue.cpp">
      <Filter>07_Thread</Filter>
    </ClCompile>
    <ClCompile Include="EngineClient.cpp">
      <Filter>08_Network\Network\Client</Filter>
    </ClCompile>
    <ClCompile Include="EngineIOCPServer.cpp">
      <Filter>08_Network\Network\Server</Filter>
    </ClCompile>
    <ClCompile Include="EngineListenServer.cpp">
      <Filter>08_Network\Network\Server</Filter>
    </ClCompile>
    <ClCompile Include="EngineServer.cpp">
      <Filter>08_Network\Network\Server</Filter>
    </ClCompile>
    <ClCompile Include="ChatManager.cpp">
      <Filter>08_Network\Chat</Filter>
    </ClCompile>
  </ItemGroup>
  <ItemGroup>
    <Filter Include="00_PreCompile">
      <UniqueIdentifier>{bbe863b7-ef32-4052-a740-019611c2a97d}</UniqueIdentifier>
    </Filter>
    <Filter Include="01_Debug">
      <UniqueIdentifier>{4c9dba08-5976-4b0a-b814-b0e3da94f95d}</UniqueIdentifier>
    </Filter>
    <Filter Include="02_Window">
      <UniqueIdentifier>{e83f5a58-996c-49a6-87fb-cff1b09c41b4}</UniqueIdentifier>
    </Filter>
    <Filter Include="03_Input">
      <UniqueIdentifier>{3963d26f-2bf5-4c94-a005-d9391d6546fa}</UniqueIdentifier>
    </Filter>
    <Filter Include="06_ThirdParty">
      <UniqueIdentifier>{76e32047-9d52-404a-b31b-5ba344c9af43}</UniqueIdentifier>
    </Filter>
    <Filter Include="06_ThirdParty\FMOD">
      <UniqueIdentifier>{37659f43-c3f9-4179-b87d-9dc059ee4f60}</UniqueIdentifier>
    </Filter>
    <Filter Include="06_ThirdParty\FMOD\Inc">
      <UniqueIdentifier>{82766ad3-df94-4f5a-a003-cf6bb8a9b9b4}</UniqueIdentifier>
    </Filter>
    <Filter Include="06_ThirdParty\FMOD\Debug">
      <UniqueIdentifier>{4acc5e42-745b-44c2-9b2a-7387ef5658ff}</UniqueIdentifier>
    </Filter>
    <Filter Include="06_ThirdParty\FMOD\Release">
      <UniqueIdentifier>{533db269-c48e-46ed-934c-83234308cb68}</UniqueIdentifier>
    </Filter>
    <Filter Include="08_Network">
      <UniqueIdentifier>{6fc3637c-73dd-4105-88ba-c4a8e84271b7}</UniqueIdentifier>
    </Filter>
    <Filter Include="08_Network\Network">
      <UniqueIdentifier>{d82b29e3-2af9-439c-a797-486ac335f985}</UniqueIdentifier>
    </Filter>
    <Filter Include="08_Network\Protocol">
      <UniqueIdentifier>{a41792cf-c439-4de6-b2d4-5a8c9f83c6fe}</UniqueIdentifier>
    </Filter>
    <Filter Include="04_WindowImage">
      <UniqueIdentifier>{5f89d3e4-be10-47af-921f-ea936f38f95e}</UniqueIdentifier>
    </Filter>
    <Filter Include="05_Sound">
      <UniqueIdentifier>{4be9b992-b63e-43ce-8d4d-aa9a3cfc1e51}</UniqueIdentifier>
    </Filter>
    <Filter Include="07_Thread">
      <UniqueIdentifier>{418f8da2-b379-4849-9b3d-bc005b9bc11b}</UniqueIdentifier>
    </Filter>
    <Filter Include="08_Network\Network\Client">
      <UniqueIdentifier>{7b94e239-9cf3-42e2-a27e-e7fc4f4e484a}</UniqueIdentifier>
    </Filter>
    <Filter Include="08_Network\Network\Server">
      <UniqueIdentifier>{c0b071d5-c794-477a-a1be-2bfaf8315227}</UniqueIdentifier>
    </Filter>
    <Filter Include="08_Network\Chat">
      <UniqueIdentifier>{99dc0602-c959-4576-84a1-e2c790c575e3}</UniqueIdentifier>
    </Filter>
  </ItemGroup>
  <ItemGroup>
    <CopyFileToFolders Include="ThirdParty\FMOD\Release\fmod_vc.lib">
      <Filter>06_ThirdParty\FMOD\Release</Filter>
    </CopyFileToFolders>
    <CopyFileToFolders Include="ThirdParty\FMOD\Release\fmod.dll">
      <Filter>06_ThirdParty\FMOD\Release</Filter>
    </CopyFileToFolders>
    <CopyFileToFolders Include="ThirdParty\FMOD\Debug\fmodL_vc.lib">
      <Filter>06_ThirdParty\FMOD\Debug</Filter>
    </CopyFileToFolders>
    <CopyFileToFolders Include="ThirdParty\FMOD\Debug\fmodL.dll">
      <Filter>06_ThirdParty\FMOD\Debug</Filter>
    </CopyFileToFolders>
  </ItemGroup>
  <ItemGroup>
    <None Include="cpp.hint" />
  </ItemGroup>
</Project>